
Microsoft Visual Studio Solution File, Format Version 12.00
# Visual Studio Version 16
VisualStudioVersion = 16.0.33927.289
MinimumVisualStudioVersion = 10.0.40219.1
Project("{2150E333-8FDC-42A3-9474-1A3956D46DE8}") = "Task0", "Task0", "{A25BA618-AFB3-4EBA-ACFF-8B7EFE892516}"
EndProject
Project("{FAE04EC0-301F-11D3-BF4B-00C04F79EFBC}") = "Tyuiu.RagimovaMA.Sprint3.Task0.V21", "Tyuiu.RagimovaMA.Sprint3.Task0.V21\Tyuiu.RagimovaMA.Sprint3.Task0.V21.csproj", "{3FE1CC5C-68A2-43BA-910D-FDE313BA17BE}"
EndProject
Project("{FAE04EC0-301F-11D3-BF4B-00C04F79EFBC}") = "Tyuiu.RagimovaMA.Sprint3.Task0.V21.Lib", "Tyuiu.RagimovaMA.Sprint3.Task0.V21.Lib\Tyuiu.RagimovaMA.Sprint3.Task0.V21.Lib.csproj", "{D3E93801-8366-4836-ADB3-F4F165BD190B}"
EndProject
Project("{FAE04EC0-301F-11D3-BF4B-00C04F79EFBC}") = "Tyuiu.RagimovaMA.Sprint3.Task0.V21.Test", "Tyuiu.RagimovaMA.Sprint3.Task0.V21.Test\Tyuiu.RagimovaMA.Sprint3.Task0.V21.Test.csproj", "{7149AFC4-A047-48D8-9CB2-E5D2387B41CD}"
EndProject
Project("{2150E333-8FDC-42A3-9474-1A3956D46DE8}") = "Task1", "Task1", "{4E3F28EE-AE03-4B51-BD85-C5AB3CDC234E}"
EndProject
Project("{FAE04EC0-301F-11D3-BF4B-00C04F79EFBC}") = "Tyuiu.RagimovaMA.Sprint3.Task1.V10", "Tyuiu.RagimovaMA.Sprint3.Task1.V10\Tyuiu.RagimovaMA.Sprint3.Task1.V10.csproj", "{0CADE0A0-7E5F-43CF-9FE2-87E6A7BC2D32}"
EndProject
Project("{FAE04EC0-301F-11D3-BF4B-00C04F79EFBC}") = "Tyuiu.RagimovaMA.Sprint3.Task1.V10.Lib", "Tyuiu.RagimovaMA.Sprint3.Task1.V10.Lib\Tyuiu.RagimovaMA.Sprint3.Task1.V10.Lib.csproj", "{8B202AE8-A7EE-4FA6-BD6E-8596B4385AE9}"
EndProject
Project("{FAE04EC0-301F-11D3-BF4B-00C04F79EFBC}") = "Tyuiu.RagimovaMA.Sprint3.Task1.V10.Test", "Tyuiu.RagimovaMA.Sprint3.Task1.V10.Test\Tyuiu.RagimovaMA.Sprint3.Task1.V10.Test.csproj", "{943BCE8C-8F9F-45C5-B9A1-21A26B230424}"
EndProject
Global
	GlobalSection(SolutionConfigurationPlatforms) = preSolution
		Debug|Any CPU = Debug|Any CPU
		Release|Any CPU = Release|Any CPU
	EndGlobalSection
	GlobalSection(ProjectConfigurationPlatforms) = postSolution
		{3FE1CC5C-68A2-43BA-910D-FDE313BA17BE}.Debug|Any CPU.ActiveCfg = Debug|Any CPU
		{3FE1CC5C-68A2-43BA-910D-FDE313BA17BE}.Debug|Any CPU.Build.0 = Debug|Any CPU
		{3FE1CC5C-68A2-43BA-910D-FDE313BA17BE}.Release|Any CPU.ActiveCfg = Release|Any CPU
		{3FE1CC5C-68A2-43BA-910D-FDE313BA17BE}.Release|Any CPU.Build.0 = Release|Any CPU
		{D3E93801-8366-4836-ADB3-F4F165BD190B}.Debug|Any CPU.ActiveCfg = Debug|Any CPU
		{D3E93801-8366-4836-ADB3-F4F165BD190B}.Debug|Any CPU.Build.0 = Debug|Any CPU
		{D3E93801-8366-4836-ADB3-F4F165BD190B}.Release|Any CPU.ActiveCfg = Release|Any CPU
		{D3E93801-8366-4836-ADB3-F4F165BD190B}.Release|Any CPU.Build.0 = Release|Any CPU
		{7149AFC4-A047-48D8-9CB2-E5D2387B41CD}.Debug|Any CPU.ActiveCfg = Debug|Any CPU
		{7149AFC4-A047-48D8-9CB2-E5D2387B41CD}.Debug|Any CPU.Build.0 = Debug|Any CPU
		{7149AFC4-A047-48D8-9CB2-E5D2387B41CD}.Release|Any CPU.ActiveCfg = Release|Any CPU
		{7149AFC4-A047-48D8-9CB2-E5D2387B41CD}.Release|Any CPU.Build.0 = Release|Any CPU
		{0CADE0A0-7E5F-43CF-9FE2-87E6A7BC2D32}.Debug|Any CPU.ActiveCfg = Debug|Any CPU
		{0CADE0A0-7E5F-43CF-9FE2-87E6A7BC2D32}.Debug|Any CPU.Build.0 = Debug|Any CPU
		{0CADE0A0-7E5F-43CF-9FE2-87E6A7BC2D32}.Release|Any CPU.ActiveCfg = Release|Any CPU
		{0CADE0A0-7E5F-43CF-9FE2-87E6A7BC2D32}.Release|Any CPU.Build.0 = Release|Any CPU
		{8B202AE8-A7EE-4FA6-BD6E-8596B4385AE9}.Debug|Any CPU.ActiveCfg = Debug|Any CPU
		{8B202AE8-A7EE-4FA6-BD6E-8596B4385AE9}.Debug|Any CPU.Build.0 = Debug|Any CPU
		{8B202AE8-A7EE-4FA6-BD6E-8596B4385AE9}.Release|Any CPU.ActiveCfg = Release|Any CPU
		{8B202AE8-A7EE-4FA6-BD6E-8596B4385AE9}.Release|Any CPU.Build.0 = Release|Any CPU
		{943BCE8C-8F9F-45C5-B9A1-21A26B230424}.Debug|Any CPU.ActiveCfg = Debug|Any CPU
		{943BCE8C-8F9F-45C5-B9A1-21A26B230424}.Debug|Any CPU.Build.0 = Debug|Any CPU
		{943BCE8C-8F9F-45C5-B9A1-21A26B230424}.Release|Any CPU.ActiveCfg = Release|Any CPU
		{943BCE8C-8F9F-45C5-B9A1-21A26B230424}.Release|Any CPU.Build.0 = Release|Any CPU
	EndGlobalSection
	GlobalSection(SolutionProperties) = preSolution
		HideSolutionNode = FALSE
	EndGlobalSection
	GlobalSection(NestedProjects) = preSolution
		{3FE1CC5C-68A2-43BA-910D-FDE313BA17BE} = {A25BA618-AFB3-4EBA-ACFF-8B7EFE892516}
		{D3E93801-8366-4836-ADB3-F4F165BD190B} = {A25BA618-AFB3-4EBA-ACFF-8B7EFE892516}
		{7149AFC4-A047-48D8-9CB2-E5D2387B41CD} = {A25BA618-AFB3-4EBA-ACFF-8B7EFE892516}
		{0CADE0A0-7E5F-43CF-9FE2-87E6A7BC2D32} = {4E3F28EE-AE03-4B51-BD85-C5AB3CDC234E}
		{8B202AE8-A7EE-4FA6-BD6E-8596B4385AE9} = {4E3F28EE-AE03-4B51-BD85-C5AB3CDC234E}
		{943BCE8C-8F9F-45C5-B9A1-21A26B230424} = {4E3F28EE-AE03-4B51-BD85-C5AB3CDC234E}
	EndGlobalSection
	GlobalSection(ExtensibilityGlobals) = postSolution
		SolutionGuid = {85CCBA60-5DD9-4043-8C1D-2D1DB20C94CA}
	EndGlobalSection
EndGlobal
