
Microsoft Visual Studio Solution File, Format Version 12.00
# Visual Studio Version 16
VisualStudioVersion = 16.0.33927.289
MinimumVisualStudioVersion = 10.0.40219.1
Project("{2150E333-8FDC-42A3-9474-1A3956D46DE8}") = "Task0", "Task0", "{A25BA618-AFB3-4EBA-ACFF-8B7EFE892516}"
EndProject
Project("{FAE04EC0-301F-11D3-BF4B-00C04F79EFBC}") = "Tyuiu.RagimovaMA.Sprint3.Task0.V21", "Tyuiu.RagimovaMA.Sprint3.Task0.V21\Tyuiu.RagimovaMA.Sprint3.Task0.V21.csproj", "{3FE1CC5C-68A2-43BA-910D-FDE313BA17BE}"
EndProject
Project("{FAE04EC0-301F-11D3-BF4B-00C04F79EFBC}") = "Tyuiu.RagimovaMA.Sprint3.Task0.V21.Lib", "Tyuiu.RagimovaMA.Sprint3.Task0.V21.Lib\Tyuiu.RagimovaMA.Sprint3.Task0.V21.Lib.csproj", "{D3E93801-8366-4836-ADB3-F4F165BD190B}"
EndProject
Project("{FAE04EC0-301F-11D3-BF4B-00C04F79EFBC}") = "Tyuiu.RagimovaMA.Sprint3.Task0.V21.Test", "Tyuiu.RagimovaMA.Sprint3.Task0.V21.Test\Tyuiu.RagimovaMA.Sprint3.Task0.V21.Test.csproj", "{7149AFC4-A047-48D8-9CB2-E5D2387B41CD}"
EndProject
Project("{2150E333-8FDC-42A3-9474-1A3956D46DE8}") = "Task1", "Task1", "{4E3F28EE-AE03-4B51-BD85-C5AB3CDC234E}"
EndProject
Project("{FAE04EC0-301F-11D3-BF4B-00C04F79EFBC}") = "Tyuiu.RagimovaMA.Sprint3.Task1.V10", "Tyuiu.RagimovaMA.Sprint3.Task1.V10\Tyuiu.RagimovaMA.Sprint3.Task1.V10.csproj", "{0CADE0A0-7E5F-43CF-9FE2-87E6A7BC2D32}"
EndProject
Project("{FAE04EC0-301F-11D3-BF4B-00C04F79EFBC}") = "Tyuiu.RagimovaMA.Sprint3.Task1.V10.Lib", "Tyuiu.RagimovaMA.Sprint3.Task1.V10.Lib\Tyuiu.RagimovaMA.Sprint3.Task1.V10.Lib.csproj", "{8B202AE8-A7EE-4FA6-BD6E-8596B4385AE9}"
EndProject
Project("{FAE04EC0-301F-11D3-BF4B-00C04F79EFBC}") = "Tyuiu.RagimovaMA.Sprint3.Task1.V10.Test", "Tyuiu.RagimovaMA.Sprint3.Task1.V10.Test\Tyuiu.RagimovaMA.Sprint3.Task1.V10.Test.csproj", "{943BCE8C-8F9F-45C5-B9A1-21A26B230424}"
EndProject
Project("{2150E333-8FDC-42A3-9474-1A3956D46DE8}") = "Task2", "Task2", "{8E69DA20-A9CA-4BCE-84F2-4960F98075B0}"
EndProject
Project("{FAE04EC0-301F-11D3-BF4B-00C04F79EFBC}") = "Tyuiu.RagimovaMA.Sprint3.Task2.V8", "Tyuiu.RagimovaMA.Sprint3.Task2.V8\Tyuiu.RagimovaMA.Sprint3.Task2.V8.csproj", "{59F9AAA2-87B9-4A55-BC3F-4BFE35D4C789}"
EndProject
Project("{FAE04EC0-301F-11D3-BF4B-00C04F79EFBC}") = "Tyuiu.RagimovaMA.Sprint3.Task2.V8.Lib", "Tyuiu.RagimovaMA.Sprint3.Task2.V8.Lib\Tyuiu.RagimovaMA.Sprint3.Task2.V8.Lib.csproj", "{AE242A27-B23C-434A-9FE9-83C31AED2F8E}"
EndProject
Project("{FAE04EC0-301F-11D3-BF4B-00C04F79EFBC}") = "Tyuiu.RagimovaMA.Sprint3.Task2.V8.Test", "Tyuiu.RagimovaMA.Sprint3.Task2.V8.Test\Tyuiu.RagimovaMA.Sprint3.Task2.V8.Test.csproj", "{D3D53696-7BBA-4850-978A-FAEC0398118C}"
EndProject
Project("{2150E333-8FDC-42A3-9474-1A3956D46DE8}") = "Task3", "Task3", "{4C39D7CA-9523-4BA3-9872-BD53C3C39697}"
EndProject
Project("{FAE04EC0-301F-11D3-BF4B-00C04F79EFBC}") = "Tyuiu.RagimovaMA.Sprint3.Task3.V29", "Tyuiu.RagimovaMA.Sprint3.Task3.V29\Tyuiu.RagimovaMA.Sprint3.Task3.V29.csproj", "{39F92D1A-F945-46C2-A20F-2E12DC252608}"
EndProject
Project("{FAE04EC0-301F-11D3-BF4B-00C04F79EFBC}") = "Tyuiu.RagimovaMA.Sprint3.Task3.V29.Lib", "Tyuiu.RagimovaMA.Sprint3.Task3.V29.Lib\Tyuiu.RagimovaMA.Sprint3.Task3.V29.Lib.csproj", "{BAD3A573-D8C0-4DBD-A947-E1772CE93583}"
EndProject
Project("{FAE04EC0-301F-11D3-BF4B-00C04F79EFBC}") = "Tyuiu.RagimovaMA.Sprint3.Task3.V29.Test", "Tyuiu.RagimovaMA.Sprint3.Task3.V29.Test\Tyuiu.RagimovaMA.Sprint3.Task3.V29.Test.csproj", "{C62C8BE7-95C3-4C84-8BFA-EB2BFDD9B418}"
EndProject
Project("{2150E333-8FDC-42A3-9474-1A3956D46DE8}") = "Task4", "Task4", "{BFA8F40A-93A6-480E-A3F9-514A109C714F}"
EndProject
Project("{FAE04EC0-301F-11D3-BF4B-00C04F79EFBC}") = "Tyuiu.RagimovaMA.Sprint3.Task4.V15", "Tyuiu.RagimovaMA.Sprint3.Task4.V15\Tyuiu.RagimovaMA.Sprint3.Task4.V15.csproj", "{BBFD6D83-137B-41A2-9206-1F8A44A125F3}"
EndProject
Project("{FAE04EC0-301F-11D3-BF4B-00C04F79EFBC}") = "Tyuiu.RagimovaMA.Sprint3.Task4.V15.Lib", "Tyuiu.RagimovaMA.Sprint3.Task4.V15.Lib\Tyuiu.RagimovaMA.Sprint3.Task4.V15.Lib.csproj", "{1E0FC1C2-96C1-439A-920E-F48A264EE66B}"
EndProject
Project("{FAE04EC0-301F-11D3-BF4B-00C04F79EFBC}") = "Tyuiu.RagimovaMA.Sprint3.Task4.V15.Test", "Tyuiu.RagimovaMA.Sprint3.Task4.V15.Test\Tyuiu.RagimovaMA.Sprint3.Task4.V15.Test.csproj", "{4A3BA537-437A-4202-856C-200F8D44A44C}"
EndProject
Project("{2150E333-8FDC-42A3-9474-1A3956D46DE8}") = "Task5", "Task5", "{21A966D3-AAFB-4162-BC24-6D32CD9DF4C0}"
EndProject
Project("{FAE04EC0-301F-11D3-BF4B-00C04F79EFBC}") = "Tyuiu.RagimovaMA.Sprint3.Task5.V5", "Tyuiu.RagimovaMA.Sprint3.Task5.V5\Tyuiu.RagimovaMA.Sprint3.Task5.V5.csproj", "{46034D35-8836-44E6-A971-66D28CD09AF3}"
EndProject
Project("{FAE04EC0-301F-11D3-BF4B-00C04F79EFBC}") = "Tyuiu.RagimovaMA.Sprint3.Task5.V5.Lib", "Tyuiu.RagimovaMA.Sprint3.Task5.V5.Lib\Tyuiu.RagimovaMA.Sprint3.Task5.V5.Lib.csproj", "{B28D4E63-B3F1-4BDE-BC8A-9E312EE19C4C}"
EndProject
Project("{FAE04EC0-301F-11D3-BF4B-00C04F79EFBC}") = "Tyuiu.RagimovaMA.Sprint3.Task5.V5.Test", "Tyuiu.RagimovaMA.Sprint3.Task5.V5.Test\Tyuiu.RagimovaMA.Sprint3.Task5.V5.Test.csproj", "{A24E7394-A253-49E0-970A-78449B5CD7AE}"
EndProject
Project("{2150E333-8FDC-42A3-9474-1A3956D46DE8}") = "Task6", "Task6", "{76C396F9-E320-43D5-A5E6-6787D3D870B8}"
EndProject
Project("{FAE04EC0-301F-11D3-BF4B-00C04F79EFBC}") = "Tyuiu.RagimovaMA.Sprint3.Task6.V4", "Tyuiu.RagimovaMA.Sprint3.Task6.V4\Tyuiu.RagimovaMA.Sprint3.Task6.V4.csproj", "{C11EFC34-8975-44F7-91FA-198BD423E734}"
EndProject
Project("{FAE04EC0-301F-11D3-BF4B-00C04F79EFBC}") = "Tyuiu.RagimovaMA.Sprint3.Task6.V4.Lib", "Tyuiu.RagimovaMA.Sprint3.Task6.V4.Lib\Tyuiu.RagimovaMA.Sprint3.Task6.V4.Lib.csproj", "{7A551C6A-2709-4D57-A786-CAC65D7678AD}"
EndProject
Project("{FAE04EC0-301F-11D3-BF4B-00C04F79EFBC}") = "Tyuiu.RagimovaMA.Sprint3.Task6.V4.Test", "Tyuiu.RagimovaMA.Sprint3.Task6.V4.Test\Tyuiu.RagimovaMA.Sprint3.Task6.V4.Test.csproj", "{6E4EE255-E029-4FD2-80F8-8E0B9BDB94D8}"
EndProject
Global
	GlobalSection(SolutionConfigurationPlatforms) = preSolution
		Debug|Any CPU = Debug|Any CPU
		Release|Any CPU = Release|Any CPU
	EndGlobalSection
	GlobalSection(ProjectConfigurationPlatforms) = postSolution
		{3FE1CC5C-68A2-43BA-910D-FDE313BA17BE}.Debug|Any CPU.ActiveCfg = Debug|Any CPU
		{3FE1CC5C-68A2-43BA-910D-FDE313BA17BE}.Debug|Any CPU.Build.0 = Debug|Any CPU
		{3FE1CC5C-68A2-43BA-910D-FDE313BA17BE}.Release|Any CPU.ActiveCfg = Release|Any CPU
		{3FE1CC5C-68A2-43BA-910D-FDE313BA17BE}.Release|Any CPU.Build.0 = Release|Any CPU
		{D3E93801-8366-4836-ADB3-F4F165BD190B}.Debug|Any CPU.ActiveCfg = Debug|Any CPU
		{D3E93801-8366-4836-ADB3-F4F165BD190B}.Debug|Any CPU.Build.0 = Debug|Any CPU
		{D3E93801-8366-4836-ADB3-F4F165BD190B}.Release|Any CPU.ActiveCfg = Release|Any CPU
		{D3E93801-8366-4836-ADB3-F4F165BD190B}.Release|Any CPU.Build.0 = Release|Any CPU
		{7149AFC4-A047-48D8-9CB2-E5D2387B41CD}.Debug|Any CPU.ActiveCfg = Debug|Any CPU
		{7149AFC4-A047-48D8-9CB2-E5D2387B41CD}.Debug|Any CPU.Build.0 = Debug|Any CPU
		{7149AFC4-A047-48D8-9CB2-E5D2387B41CD}.Release|Any CPU.ActiveCfg = Release|Any CPU
		{7149AFC4-A047-48D8-9CB2-E5D2387B41CD}.Release|Any CPU.Build.0 = Release|Any CPU
		{0CADE0A0-7E5F-43CF-9FE2-87E6A7BC2D32}.Debug|Any CPU.ActiveCfg = Debug|Any CPU
		{0CADE0A0-7E5F-43CF-9FE2-87E6A7BC2D32}.Debug|Any CPU.Build.0 = Debug|Any CPU
		{0CADE0A0-7E5F-43CF-9FE2-87E6A7BC2D32}.Release|Any CPU.ActiveCfg = Release|Any CPU
		{0CADE0A0-7E5F-43CF-9FE2-87E6A7BC2D32}.Release|Any CPU.Build.0 = Release|Any CPU
		{8B202AE8-A7EE-4FA6-BD6E-8596B4385AE9}.Debug|Any CPU.ActiveCfg = Debug|Any CPU
		{8B202AE8-A7EE-4FA6-BD6E-8596B4385AE9}.Debug|Any CPU.Build.0 = Debug|Any CPU
		{8B202AE8-A7EE-4FA6-BD6E-8596B4385AE9}.Release|Any CPU.ActiveCfg = Release|Any CPU
		{8B202AE8-A7EE-4FA6-BD6E-8596B4385AE9}.Release|Any CPU.Build.0 = Release|Any CPU
		{943BCE8C-8F9F-45C5-B9A1-21A26B230424}.Debug|Any CPU.ActiveCfg = Debug|Any CPU
		{943BCE8C-8F9F-45C5-B9A1-21A26B230424}.Debug|Any CPU.Build.0 = Debug|Any CPU
		{943BCE8C-8F9F-45C5-B9A1-21A26B230424}.Release|Any CPU.ActiveCfg = Release|Any CPU
		{943BCE8C-8F9F-45C5-B9A1-21A26B230424}.Release|Any CPU.Build.0 = Release|Any CPU
		{59F9AAA2-87B9-4A55-BC3F-4BFE35D4C789}.Debug|Any CPU.ActiveCfg = Debug|Any CPU
		{59F9AAA2-87B9-4A55-BC3F-4BFE35D4C789}.Debug|Any CPU.Build.0 = Debug|Any CPU
		{59F9AAA2-87B9-4A55-BC3F-4BFE35D4C789}.Release|Any CPU.ActiveCfg = Release|Any CPU
		{59F9AAA2-87B9-4A55-BC3F-4BFE35D4C789}.Release|Any CPU.Build.0 = Release|Any CPU
		{AE242A27-B23C-434A-9FE9-83C31AED2F8E}.Debug|Any CPU.ActiveCfg = Debug|Any CPU
		{AE242A27-B23C-434A-9FE9-83C31AED2F8E}.Debug|Any CPU.Build.0 = Debug|Any CPU
		{AE242A27-B23C-434A-9FE9-83C31AED2F8E}.Release|Any CPU.ActiveCfg = Release|Any CPU
		{AE242A27-B23C-434A-9FE9-83C31AED2F8E}.Release|Any CPU.Build.0 = Release|Any CPU
		{D3D53696-7BBA-4850-978A-FAEC0398118C}.Debug|Any CPU.ActiveCfg = Debug|Any CPU
		{D3D53696-7BBA-4850-978A-FAEC0398118C}.Debug|Any CPU.Build.0 = Debug|Any CPU
		{D3D53696-7BBA-4850-978A-FAEC0398118C}.Release|Any CPU.ActiveCfg = Release|Any CPU
		{D3D53696-7BBA-4850-978A-FAEC0398118C}.Release|Any CPU.Build.0 = Release|Any CPU
		{39F92D1A-F945-46C2-A20F-2E12DC252608}.Debug|Any CPU.ActiveCfg = Debug|Any CPU
		{39F92D1A-F945-46C2-A20F-2E12DC252608}.Debug|Any CPU.Build.0 = Debug|Any CPU
		{39F92D1A-F945-46C2-A20F-2E12DC252608}.Release|Any CPU.ActiveCfg = Release|Any CPU
		{39F92D1A-F945-46C2-A20F-2E12DC252608}.Release|Any CPU.Build.0 = Release|Any CPU
		{BAD3A573-D8C0-4DBD-A947-E1772CE93583}.Debug|Any CPU.ActiveCfg = Debug|Any CPU
		{BAD3A573-D8C0-4DBD-A947-E1772CE93583}.Debug|Any CPU.Build.0 = Debug|Any CPU
		{BAD3A573-D8C0-4DBD-A947-E1772CE93583}.Release|Any CPU.ActiveCfg = Release|Any CPU
		{BAD3A573-D8C0-4DBD-A947-E1772CE93583}.Release|Any CPU.Build.0 = Release|Any CPU
		{C62C8BE7-95C3-4C84-8BFA-EB2BFDD9B418}.Debug|Any CPU.ActiveCfg = Debug|Any CPU
		{C62C8BE7-95C3-4C84-8BFA-EB2BFDD9B418}.Debug|Any CPU.Build.0 = Debug|Any CPU
		{C62C8BE7-95C3-4C84-8BFA-EB2BFDD9B418}.Release|Any CPU.ActiveCfg = Release|Any CPU
		{C62C8BE7-95C3-4C84-8BFA-EB2BFDD9B418}.Release|Any CPU.Build.0 = Release|Any CPU
		{BBFD6D83-137B-41A2-9206-1F8A44A125F3}.Debug|Any CPU.ActiveCfg = Debug|Any CPU
		{BBFD6D83-137B-41A2-9206-1F8A44A125F3}.Debug|Any CPU.Build.0 = Debug|Any CPU
		{BBFD6D83-137B-41A2-9206-1F8A44A125F3}.Release|Any CPU.ActiveCfg = Release|Any CPU
		{BBFD6D83-137B-41A2-9206-1F8A44A125F3}.Release|Any CPU.Build.0 = Release|Any CPU
		{1E0FC1C2-96C1-439A-920E-F48A264EE66B}.Debug|Any CPU.ActiveCfg = Debug|Any CPU
		{1E0FC1C2-96C1-439A-920E-F48A264EE66B}.Debug|Any CPU.Build.0 = Debug|Any CPU
		{1E0FC1C2-96C1-439A-920E-F48A264EE66B}.Release|Any CPU.ActiveCfg = Release|Any CPU
		{1E0FC1C2-96C1-439A-920E-F48A264EE66B}.Release|Any CPU.Build.0 = Release|Any CPU
		{4A3BA537-437A-4202-856C-200F8D44A44C}.Debug|Any CPU.ActiveCfg = Debug|Any CPU
		{4A3BA537-437A-4202-856C-200F8D44A44C}.Debug|Any CPU.Build.0 = Debug|Any CPU
		{4A3BA537-437A-4202-856C-200F8D44A44C}.Release|Any CPU.ActiveCfg = Release|Any CPU
		{4A3BA537-437A-4202-856C-200F8D44A44C}.Release|Any CPU.Build.0 = Release|Any CPU
		{46034D35-8836-44E6-A971-66D28CD09AF3}.Debug|Any CPU.ActiveCfg = Debug|Any CPU
		{46034D35-8836-44E6-A971-66D28CD09AF3}.Debug|Any CPU.Build.0 = Debug|Any CPU
		{46034D35-8836-44E6-A971-66D28CD09AF3}.Release|Any CPU.ActiveCfg = Release|Any CPU
		{46034D35-8836-44E6-A971-66D28CD09AF3}.Release|Any CPU.Build.0 = Release|Any CPU
		{B28D4E63-B3F1-4BDE-BC8A-9E312EE19C4C}.Debug|Any CPU.ActiveCfg = Debug|Any CPU
		{B28D4E63-B3F1-4BDE-BC8A-9E312EE19C4C}.Debug|Any CPU.Build.0 = Debug|Any CPU
		{B28D4E63-B3F1-4BDE-BC8A-9E312EE19C4C}.Release|Any CPU.ActiveCfg = Release|Any CPU
		{B28D4E63-B3F1-4BDE-BC8A-9E312EE19C4C}.Release|Any CPU.Build.0 = Release|Any CPU
		{A24E7394-A253-49E0-970A-78449B5CD7AE}.Debug|Any CPU.ActiveCfg = Debug|Any CPU
		{A24E7394-A253-49E0-970A-78449B5CD7AE}.Debug|Any CPU.Build.0 = Debug|Any CPU
		{A24E7394-A253-49E0-970A-78449B5CD7AE}.Release|Any CPU.ActiveCfg = Release|Any CPU
		{A24E7394-A253-49E0-970A-78449B5CD7AE}.Release|Any CPU.Build.0 = Release|Any CPU
		{C11EFC34-8975-44F7-91FA-198BD423E734}.Debug|Any CPU.ActiveCfg = Debug|Any CPU
		{C11EFC34-8975-44F7-91FA-198BD423E734}.Debug|Any CPU.Build.0 = Debug|Any CPU
		{C11EFC34-8975-44F7-91FA-198BD423E734}.Release|Any CPU.ActiveCfg = Release|Any CPU
		{C11EFC34-8975-44F7-91FA-198BD423E734}.Release|Any CPU.Build.0 = Release|Any CPU
		{7A551C6A-2709-4D57-A786-CAC65D7678AD}.Debug|Any CPU.ActiveCfg = Debug|Any CPU
		{7A551C6A-2709-4D57-A786-CAC65D7678AD}.Debug|Any CPU.Build.0 = Debug|Any CPU
		{7A551C6A-2709-4D57-A786-CAC65D7678AD}.Release|Any CPU.ActiveCfg = Release|Any CPU
		{7A551C6A-2709-4D57-A786-CAC65D7678AD}.Release|Any CPU.Build.0 = Release|Any CPU
		{6E4EE255-E029-4FD2-80F8-8E0B9BDB94D8}.Debug|Any CPU.ActiveCfg = Debug|Any CPU
		{6E4EE255-E029-4FD2-80F8-8E0B9BDB94D8}.Debug|Any CPU.Build.0 = Debug|Any CPU
		{6E4EE255-E029-4FD2-80F8-8E0B9BDB94D8}.Release|Any CPU.ActiveCfg = Release|Any CPU
		{6E4EE255-E029-4FD2-80F8-8E0B9BDB94D8}.Release|Any CPU.Build.0 = Release|Any CPU
	EndGlobalSection
	GlobalSection(SolutionProperties) = preSolution
		HideSolutionNode = FALSE
	EndGlobalSection
	GlobalSection(NestedProjects) = preSolution
		{3FE1CC5C-68A2-43BA-910D-FDE313BA17BE} = {A25BA618-AFB3-4EBA-ACFF-8B7EFE892516}
		{D3E93801-8366-4836-ADB3-F4F165BD190B} = {A25BA618-AFB3-4EBA-ACFF-8B7EFE892516}
		{7149AFC4-A047-48D8-9CB2-E5D2387B41CD} = {A25BA618-AFB3-4EBA-ACFF-8B7EFE892516}
		{0CADE0A0-7E5F-43CF-9FE2-87E6A7BC2D32} = {4E3F28EE-AE03-4B51-BD85-C5AB3CDC234E}
		{8B202AE8-A7EE-4FA6-BD6E-8596B4385AE9} = {4E3F28EE-AE03-4B51-BD85-C5AB3CDC234E}
		{943BCE8C-8F9F-45C5-B9A1-21A26B230424} = {4E3F28EE-AE03-4B51-BD85-C5AB3CDC234E}
		{59F9AAA2-87B9-4A55-BC3F-4BFE35D4C789} = {8E69DA20-A9CA-4BCE-84F2-4960F98075B0}
		{AE242A27-B23C-434A-9FE9-83C31AED2F8E} = {8E69DA20-A9CA-4BCE-84F2-4960F98075B0}
		{D3D53696-7BBA-4850-978A-FAEC0398118C} = {8E69DA20-A9CA-4BCE-84F2-4960F98075B0}
		{39F92D1A-F945-46C2-A20F-2E12DC252608} = {4C39D7CA-9523-4BA3-9872-BD53C3C39697}
		{BAD3A573-D8C0-4DBD-A947-E1772CE93583} = {4C39D7CA-9523-4BA3-9872-BD53C3C39697}
		{C62C8BE7-95C3-4C84-8BFA-EB2BFDD9B418} = {4C39D7CA-9523-4BA3-9872-BD53C3C39697}
		{BBFD6D83-137B-41A2-9206-1F8A44A125F3} = {BFA8F40A-93A6-480E-A3F9-514A109C714F}
		{1E0FC1C2-96C1-439A-920E-F48A264EE66B} = {BFA8F40A-93A6-480E-A3F9-514A109C714F}
		{4A3BA537-437A-4202-856C-200F8D44A44C} = {BFA8F40A-93A6-480E-A3F9-514A109C714F}
		{46034D35-8836-44E6-A971-66D28CD09AF3} = {21A966D3-AAFB-4162-BC24-6D32CD9DF4C0}
		{B28D4E63-B3F1-4BDE-BC8A-9E312EE19C4C} = {21A966D3-AAFB-4162-BC24-6D32CD9DF4C0}
		{A24E7394-A253-49E0-970A-78449B5CD7AE} = {21A966D3-AAFB-4162-BC24-6D32CD9DF4C0}
		{C11EFC34-8975-44F7-91FA-198BD423E734} = {76C396F9-E320-43D5-A5E6-6787D3D870B8}
		{7A551C6A-2709-4D57-A786-CAC65D7678AD} = {76C396F9-E320-43D5-A5E6-6787D3D870B8}
		{6E4EE255-E029-4FD2-80F8-8E0B9BDB94D8} = {76C396F9-E320-43D5-A5E6-6787D3D870B8}
	EndGlobalSection
	GlobalSection(ExtensibilityGlobals) = postSolution
		SolutionGuid = {85CCBA60-5DD9-4043-8C1D-2D1DB20C94CA}
	EndGlobalSection
EndGlobal
